
Microsoft Visual Studio Solution File, Format Version 12.00
# Visual Studio Version 16
VisualStudioVersion = 16.0.29911.84
MinimumVisualStudioVersion = 10.0.40219.1
Project("{9A19103F-16F7-4668-BE54-9A1E7A4F7556}") = "Model", "repos\Model\Model.csproj", "{288AC3FB-5779-4760-85BF-5EF7EECAF161}"
EndProject
Project("{9A19103F-16F7-4668-BE54-9A1E7A4F7556}") = "Repository", "repos\Repository\Repository.csproj", "{F5C2A85E-8520-42CB-ACC9-A734679DFFB0}"
EndProject
Project("{9A19103F-16F7-4668-BE54-9A1E7A4F7556}") = "Manager", "repos\Manager\Manager.csproj", "{33070819-58A1-4F32-93B2-232BDBDD73C1}"
EndProject
Project("{FAE04EC0-301F-11D3-BF4B-00C04F79EFBC}") = "QuantiyMeasurement_Backend", "repos\QuantiyMeasurement_Backend\QuantiyMeasurement_Backend.csproj", "{2DD4776A-44B3-4425-BDF3-C82D89701BC1}"
EndProject
Global
	GlobalSection(SolutionConfigurationPlatforms) = preSolution
		Debug|Any CPU = Debug|Any CPU
		Release|Any CPU = Release|Any CPU
	EndGlobalSection
	GlobalSection(ProjectConfigurationPlatforms) = postSolution
		{288AC3FB-5779-4760-85BF-5EF7EECAF161}.Debug|Any CPU.ActiveCfg = Debug|Any CPU
		{288AC3FB-5779-4760-85BF-5EF7EECAF161}.Debug|Any CPU.Build.0 = Debug|Any CPU
		{288AC3FB-5779-4760-85BF-5EF7EECAF161}.Release|Any CPU.ActiveCfg = Release|Any CPU
		{288AC3FB-5779-4760-85BF-5EF7EECAF161}.Release|Any CPU.Build.0 = Release|Any CPU
		{F5C2A85E-8520-42CB-ACC9-A734679DFFB0}.Debug|Any CPU.ActiveCfg = Debug|Any CPU
		{F5C2A85E-8520-42CB-ACC9-A734679DFFB0}.Debug|Any CPU.Build.0 = Debug|Any CPU
		{F5C2A85E-8520-42CB-ACC9-A734679DFFB0}.Release|Any CPU.ActiveCfg = Release|Any CPU
		{F5C2A85E-8520-42CB-ACC9-A734679DFFB0}.Release|Any CPU.Build.0 = Release|Any CPU
		{33070819-58A1-4F32-93B2-232BDBDD73C1}.Debug|Any CPU.ActiveCfg = Debug|Any CPU
		{33070819-58A1-4F32-93B2-232BDBDD73C1}.Debug|Any CPU.Build.0 = Debug|Any CPU
		{33070819-58A1-4F32-93B2-232BDBDD73C1}.Release|Any CPU.ActiveCfg = Release|Any CPU
		{33070819-58A1-4F32-93B2-232BDBDD73C1}.Release|Any CPU.Build.0 = Release|Any CPU
		{2DD4776A-44B3-4425-BDF3-C82D89701BC1}.Debug|Any CPU.ActiveCfg = Debug|Any CPU
		{2DD4776A-44B3-4425-BDF3-C82D89701BC1}.Debug|Any CPU.Build.0 = Debug|Any CPU
		{2DD4776A-44B3-4425-BDF3-C82D89701BC1}.Release|Any CPU.ActiveCfg = Release|Any CPU
		{2DD4776A-44B3-4425-BDF3-C82D89701BC1}.Release|Any CPU.Build.0 = Release|Any CPU
	EndGlobalSection
	GlobalSection(SolutionProperties) = preSolution
		HideSolutionNode = FALSE
	EndGlobalSection
	GlobalSection(ExtensibilityGlobals) = postSolution
		SolutionGuid = {E8C8D0E1-91AE-4DF8-B4F1-D6AC87EBC47D}
	EndGlobalSection
EndGlobal
